
Microsoft Visual Studio Solution File, Format Version 12.00
# Visual Studio Version 16
VisualStudioVersion = 16.0.30011.22
MinimumVisualStudioVersion = 10.0.40219.1
Project("{FAE04EC0-301F-11D3-BF4B-00C04F79EFBC}") = "WoWHead-NPC-Coordinates", "WoWHead-NPC-Coordinates.csproj", "{6F576654-431B-4543-97B1-00129825F212}"
EndProject
Global
	GlobalSection(SolutionConfigurationPlatforms) = preSolution
		Debug|Any CPU = Debug|Any CPU
		Release|Any CPU = Release|Any CPU
	EndGlobalSection
	GlobalSection(ProjectConfigurationPlatforms) = postSolution
		{6F576654-431B-4543-97B1-00129825F212}.Debug|Any CPU.ActiveCfg = Debug|Any CPU
		{6F576654-431B-4543-97B1-00129825F212}.Debug|Any CPU.Build.0 = Debug|Any CPU
		{6F576654-431B-4543-97B1-00129825F212}.Release|Any CPU.ActiveCfg = Release|Any CPU
		{6F576654-431B-4543-97B1-00129825F212}.Release|Any CPU.Build.0 = Release|Any CPU
	EndGlobalSection
	GlobalSection(SolutionProperties) = preSolution
		HideSolutionNode = FALSE
	EndGlobalSection
	GlobalSection(ExtensibilityGlobals) = postSolution
		SolutionGuid = {E687EF47-4F31-46E3-80E1-DC9053B503B0}
	EndGlobalSection
EndGlobal
